PODS:
  - Flutter (1.0.0)
  - shake_gesture_ios (0.0.1):
    - Flutter

DEPENDENCIES:
  - Flutter (from `Flutter`)
  - shake_gesture_ios (from `.symlinks/plugins/shake_gesture_ios/ios`)

EXTERNAL SOURCES:
  Flutter:
    :path: Flutter
  shake_gesture_ios:
    :path: ".symlinks/plugins/shake_gesture_ios/ios"

SPEC CHECKSUMS:
  Flutter: e0871f40cf51350855a761d2e70bf5af5b9b5de7
  shake_gesture_ios: 85dce5e26785da11cf73e0234a5f4028f69afeef

PODFILE CHECKSUM: 4305caec6b40dde0ae97be1573c53de1882a07e5

COCOAPODS: 1.16.2
